// !$*UTF8*$!
{
	archiveVersion = 1;
	classes = {
	};
	objectVersion = 50;
	objects = {

/* Begin PBXBuildFile section */
		2F2AF85F26778359004254AC /* PaceConverterApp.swift in Sources */ = {isa = PBXBuildFile; fileRef = 2F2AF85E26778359004254AC /* PaceConverterApp.swift */; };
		2F2AF86126778359004254AC /* ContentView.swift in Sources */ = {isa = PBXBuildFile; fileRef = 2F2AF86026778359004254AC /* ContentView.swift */; };
		2F2AF8632677835B004254AC /* Assets.xcassets in Resources */ = {isa = PBXBuildFile; fileRef = 2F2AF8622677835B004254AC /* Assets.xcassets */; };
		2F2AF8662677835B004254AC /* Preview Assets.xcassets in Resources */ = {isa = PBXBuildFile; fileRef = 2F2AF8652677835B004254AC /* Preview Assets.xcassets */; };
		2F2AF86F26779A74004254AC /* Model.swift in Sources */ = {isa = PBXBuildFile; fileRef = 2F2AF86E26779A74004254AC /* Model.swift */; };
		2F2AF87F2677DEE1004254AC /* ModelTests.swift in Sources */ = {isa = PBXBuildFile; fileRef = 2F2AF87E2677DEE1004254AC /* ModelTests.swift */; };
/* End PBXBuildFile section */

/* Begin PBXContainerItemProxy section */
		2F2AF8792677DEB8004254AC /* PBXContainerItemProxy */ = {
			isa = PBXContainerItemProxy;
			containerPortal = 2F2AF85326778359004254AC /* Project object */;
			proxyType = 1;
			remoteGlobalIDString = 2F2AF85A26778359004254AC;
			remoteInfo = PaceConverter;
		};
/* End PBXContainerItemProxy section */

/* Begin PBXFileReference section */
		2F2AF85B26778359004254AC /* PaceConverter.app */ = {isa = PBXFileReference; explicitFileType = wrapper.application; includeInIndex = 0; path = PaceConverter.app; sourceTree = BUILT_PRODUCTS_DIR; };
		2F2AF85E26778359004254AC /* PaceConverterApp.swift */ = {isa = PBXFileReference; lastKnownFileType = sourcecode.swift; path = PaceConverterApp.swift; sourceTree = "<group>"; };
		2F2AF86026778359004254AC /* ContentView.swift */ = {isa = PBXFileReference; lastKnownFileType = sourcecode.swift; path = ContentView.swift; sourceTree = "<group>"; };
		2F2AF8622677835B004254AC /* Assets.xcassets */ = {isa = PBXFileReference; lastKnownFileType = folder.assetcatalog; path = Assets.xcassets; sourceTree = "<group>"; };
		2F2AF8652677835B004254AC /* Preview Assets.xcassets */ = {isa = PBXFileReference; lastKnownFileType = folder.assetcatalog; path = "Preview Assets.xcassets"; sourceTree = "<group>"; };
		2F2AF8672677835B004254AC /* Info.plist */ = {isa = PBXFileReference; lastKnownFileType = text.plist.xml; path = Info.plist; sourceTree = "<group>"; };
		2F2AF86E26779A74004254AC /* Model.swift */ = {isa = PBXFileReference; lastKnownFileType = sourcecode.swift; path = Model.swift; sourceTree = "<group>"; };
		2F2AF8742677DEB8004254AC /* PaceConverterTests.xctest */ = {isa = PBXFileReference; explicitFileType = wrapper.cfbundle; includeInIndex = 0; path = PaceConverterTests.xctest; sourceTree = BUILT_PRODUCTS_DIR; };
		2F2AF8782677DEB8004254AC /* Info.plist */ = {isa = PBXFileReference; lastKnownFileType = text.plist.xml; path = Info.plist; sourceTree = "<group>"; };
		2F2AF87E2677DEE1004254AC /* ModelTests.swift */ = {isa = PBXFileReference; lastKnownFileType = sourcecode.swift; path = ModelTests.swift; sourceTree = "<group>"; };
/* End PBXFileReference section */

/* Begin PBXFrameworksBuildPhase section */
		2F2AF85826778359004254AC /* Frameworks */ = {
			isa = PBXFrameworksBuildPhase;
			buildActionMask = 2147483647;
			files = (
			);
			runOnlyForDeploymentPostprocessing = 0;
		};
		2F2AF8712677DEB8004254AC /* Frameworks */ = {
			isa = PBXFrameworksBuildPhase;
			buildActionMask = 2147483647;
			files = (
			);
			runOnlyForDeploymentPostprocessing = 0;
		};
/* End PBXFrameworksBuildPhase section */

/* Begin PBXGroup section */
		2F2AF85226778359004254AC = {
			isa = PBXGroup;
			children = (
				2F2AF85D26778359004254AC /* PaceConverter */,
				2F2AF8752677DEB8004254AC /* PaceConverterTests */,
				2F2AF85C26778359004254AC /* Products */,
			);
			sourceTree = "<group>";
		};
		2F2AF85C26778359004254AC /* Products */ = {
			isa = PBXGroup;
			children = (
				2F2AF85B26778359004254AC /* PaceConverter.app */,
				2F2AF8742677DEB8004254AC /* PaceConverterTests.xctest */,
			);
			name = Products;
			sourceTree = "<group>";
		};
		2F2AF85D26778359004254AC /* PaceConverter */ = {
			isa = PBXGroup;
			children = (
				2F2AF85E26778359004254AC /* PaceConverterApp.swift */,
				2F2AF86026778359004254AC /* ContentView.swift */,
				2F2AF86E26779A74004254AC /* Model.swift */,
				2F2AF8622677835B004254AC /* Assets.xcassets */,
				2F2AF8672677835B004254AC /* Info.plist */,
				2F2AF8642677835B004254AC /* Preview Content */,
			);
			path = PaceConverter;
			sourceTree = "<group>";
		};
		2F2AF8642677835B004254AC /* Preview Content */ = {
			isa = PBXGroup;
			children = (
				2F2AF8652677835B004254AC /* Preview Assets.xcassets */,
			);
			path = "Preview Content";
			sourceTree = "<group>";
		};
		2F2AF8752677DEB8004254AC /* PaceConverterTests */ = {
			isa = PBXGroup;
			children = (
				2F2AF8782677DEB8004254AC /* Info.plist */,
				2F2AF87E2677DEE1004254AC /* ModelTests.swift */,
			);
			path = PaceConverterTests;
			sourceTree = "<group>";
		};
/* End PBXGroup section */

/* Begin PBXNativeTarget section */
		2F2AF85A26778359004254AC /* PaceConverter */ = {
			isa = PBXNativeTarget;
			buildConfigurationList = 2F2AF86A2677835B004254AC /* Build configuration list for PBXNativeTarget "PaceConverter" */;
			buildPhases = (
				2F2AF85726778359004254AC /* Sources */,
				2F2AF85826778359004254AC /* Frameworks */,
				2F2AF85926778359004254AC /* Resources */,
			);
			buildRules = (
			);
			dependencies = (
			);
			name = PaceConverter;
			productName = PaceConverter;
			productReference = 2F2AF85B26778359004254AC /* PaceConverter.app */;
			productType = "com.apple.product-type.application";
		};
		2F2AF8732677DEB8004254AC /* PaceConverterTests */ = {
			isa = PBXNativeTarget;
			buildConfigurationList = 2F2AF87B2677DEB8004254AC /* Build configuration list for PBXNativeTarget "PaceConverterTests" */;
			buildPhases = (
				2F2AF8702677DEB8004254AC /* Sources */,
				2F2AF8712677DEB8004254AC /* Frameworks */,
				2F2AF8722677DEB8004254AC /* Resources */,
			);
			buildRules = (
			);
			dependencies = (
				2F2AF87A2677DEB8004254AC /* PBXTargetDependency */,
			);
			name = PaceConverterTests;
			productName = PaceConverterTests;
			productReference = 2F2AF8742677DEB8004254AC /* PaceConverterTests.xctest */;
			productType = "com.apple.product-type.bundle.unit-test";
		};
/* End PBXNativeTarget section */

/* Begin PBXProject section */
		2F2AF85326778359004254AC /* Project object */ = {
			isa = PBXProject;
			attributes = {
				LastSwiftUpdateCheck = 1250;
				LastUpgradeCheck = 1250;
				TargetAttributes = {
					2F2AF85A26778359004254AC = {
						CreatedOnToolsVersion = 12.5;
					};
					2F2AF8732677DEB8004254AC = {
						CreatedOnToolsVersion = 12.5;
						TestTargetID = 2F2AF85A26778359004254AC;
					};
				};
			};
			buildConfigurationList = 2F2AF85626778359004254AC /* Build configuration list for PBXProject "PaceConverter" */;
			compatibilityVersion = "Xcode 9.3";
			developmentRegion = en;
			hasScannedForEncodings = 0;
			knownRegions = (
				en,
				Base,
			);
			mainGroup = 2F2AF85226778359004254AC;
			productRefGroup = 2F2AF85C26778359004254AC /* Products */;
			projectDirPath = "";
			projectRoot = "";
			targets = (
				2F2AF85A26778359004254AC /* PaceConverter */,
				2F2AF8732677DEB8004254AC /* PaceConverterTests */,
			);
		};
/* End PBXProject section */

/* Begin PBXResourcesBuildPhase section */
		2F2AF85926778359004254AC /* Resources */ = {
			isa = PBXResourcesBuildPhase;
			buildActionMask = 2147483647;
			files = (
				2F2AF8662677835B004254AC /* Preview Assets.xcassets in Resources */,
				2F2AF8632677835B004254AC /* Assets.xcassets in Resources */,
			);
			runOnlyForDeploymentPostprocessing = 0;
		};
		2F2AF8722677DEB8004254AC /* Resources */ = {
			isa = PBXResourcesBuildPhase;
			buildActionMask = 2147483647;
			files = (
			);
			runOnlyForDeploymentPostprocessing = 0;
		};
/* End PBXResourcesBuildPhase section */

/* Begin PBXSourcesBuildPhase section */
		2F2AF85726778359004254AC /* Sources */ = {
			isa = PBXSourcesBuildPhase;
			buildActionMask = 2147483647;
			files = (
				2F2AF86F26779A74004254AC /* Model.swift in Sources */,
				2F2AF86126778359004254AC /* ContentView.swift in Sources */,
				2F2AF85F26778359004254AC /* PaceConverterApp.swift in Sources */,
			);
			runOnlyForDeploymentPostprocessing = 0;
		};
		2F2AF8702677DEB8004254AC /* Sources */ = {
			isa = PBXSourcesBuildPhase;
			buildActionMask = 2147483647;
			files = (
				2F2AF87F2677DEE1004254AC /* ModelTests.swift in Sources */,
			);
			runOnlyForDeploymentPostprocessing = 0;
		};
/* End PBXSourcesBuildPhase section */

/* Begin PBXTargetDependency section */
		2F2AF87A2677DEB8004254AC /* PBXTargetDependency */ = {
			isa = PBXTargetDependency;
			target = 2F2AF85A26778359004254AC /* PaceConverter */;
			targetProxy = 2F2AF8792677DEB8004254AC /* PBXContainerItemProxy */;
		};
/* End PBXTargetDependency section */

/* Begin XCBuildConfiguration section */
		2F2AF8682677835B004254AC /* Debug */ = {
			isa = XCBuildConfiguration;
			buildSettings = {
				ALWAYS_SEARCH_USER_PATHS = NO;
				CLANG_ANALYZER_NONNULL = YES;
				CLANG_ANALYZER_NUMBER_OBJECT_CONVERSION = YES_AGGRESSIVE;
				CLANG_CXX_LANGUAGE_STANDARD = "gnu++14";
				CLANG_CXX_LIBRARY = "libc++";
				CLANG_ENABLE_MODULES = YES;
				CLANG_ENABLE_OBJC_ARC = YES;
				CLANG_ENABLE_OBJC_WEAK = YES;
				CLANG_WARN_BLOCK_CAPTURE_AUTORELEASING = YES;
				CLANG_WARN_BOOL_CONVERSION = YES;
				CLANG_WARN_COMMA = YES;
				CLANG_WARN_CONSTANT_CONVERSION = YES;
				CLANG_WARN_DEPRECATED_OBJC_IMPLEMENTATIONS = YES;
				CLANG_WARN_DIRECT_OBJC_ISA_USAGE = YES_ERROR;
				CLANG_WARN_DOCUMENTATION_COMMENTS = YES;
				CLANG_WARN_EMPTY_BODY = YES;
				CLANG_WARN_ENUM_CONVERSION = YES;
				CLANG_WARN_INFINITE_RECURSION = YES;
				CLANG_WARN_INT_CONVERSION = YES;
				CLANG_WARN_NON_LITERAL_NULL_CONVERSION = YES;
				CLANG_WARN_OBJC_IMPLICIT_RETAIN_SELF = YES;
				CLANG_WARN_OBJC_LITERAL_CONVERSION = YES;
				CLANG_WARN_OBJC_ROOT_CLASS = YES_ERROR;
				CLANG_WARN_QUOTED_INCLUDE_IN_FRAMEWORK_HEADER = YES;
				CLANG_WARN_RANGE_LOOP_ANALYSIS = YES;
				CLANG_WARN_STRICT_PROTOTYPES = YES;
				CLANG_WARN_SUSPICIOUS_MOVE = YES;
				CLANG_WARN_UNGUARDED_AVAILABILITY = YES_AGGRESSIVE;
				CLANG_WARN_UNREACHABLE_CODE = YES;
				CLANG_WARN__DUPLICATE_METHOD_MATCH = YES;
				COPY_PHASE_STRIP = NO;
				DEBUG_INFORMATION_FORMAT = dwarf;
				ENABLE_STRICT_OBJC_MSGSEND = YES;
				ENABLE_TESTABILITY = YES;
				GCC_C_LANGUAGE_STANDARD = gnu11;
				GCC_DYNAMIC_NO_PIC = NO;
				GCC_NO_COMMON_BLOCKS = YES;
				GCC_OPTIMIZATION_LEVEL = 0;
				GCC_PREPROCESSOR_DEFINITIONS = (
					"DEBUG=1",
					"$(inherited)",
				);
				GCC_WARN_64_TO_32_BIT_CONVERSION = YES;
				GCC_WARN_ABOUT_RETURN_TYPE = YES_ERROR;
				GCC_WARN_UNDECLARED_SELECTOR = YES;
				GCC_WARN_UNINITIALIZED_AUTOS = YES_AGGRESSIVE;
				GCC_WARN_UNUSED_FUNCTION = YES;
				GCC_WARN_UNUSED_VARIABLE = YES;
				IPHONEOS_DEPLOYMENT_TARGET = 14.5;
				MTL_ENABLE_DEBUG_INFO = INCLUDE_SOURCE;
				MTL_FAST_MATH = YES;
				ONLY_ACTIVE_ARCH = YES;
				SDKROOT = iphoneos;
				SWIFT_ACTIVE_COMPILATION_CONDITIONS = DEBUG;
				SWIFT_OPTIMIZATION_LEVEL = "-Onone";
			};
			name = Debug;
		};
		2F2AF8692677835B004254AC /* Release */ = {
			isa = XCBuildConfiguration;
			buildSettings = {
				ALWAYS_SEARCH_USER_PATHS = NO;
				CLANG_ANALYZER_NONNULL = YES;
				CLANG_ANALYZER_NUMBER_OBJECT_CONVERSION = YES_AGGRESSIVE;
				CLANG_CXX_LANGUAGE_STANDARD = "gnu++14";
				CLANG_CXX_LIBRARY = "libc++";
				CLANG_ENABLE_MODULES = YES;
				CLANG_ENABLE_OBJC_ARC = YES;
				CLANG_ENABLE_OBJC_WEAK = YES;
				CLANG_WARN_BLOCK_CAPTURE_AUTORELEASING = YES;
				CLANG_WARN_BOOL_CONVERSION = YES;
				CLANG_WARN_COMMA = YES;
				CLANG_WARN_CONSTANT_CONVERSION = YES;
				CLANG_WARN_DEPRECATED_OBJC_IMPLEMENTATIONS = YES;
				CLANG_WARN_DIRECT_OBJC_ISA_USAGE = YES_ERROR;
				CLANG_WARN_DOCUMENTATION_COMMENTS = YES;
				CLANG_WARN_EMPTY_BODY = YES;
				CLANG_WARN_ENUM_CONVERSION = YES;
				CLANG_WARN_INFINITE_RECURSION = YES;
				CLANG_WARN_INT_CONVERSION = YES;
				CLANG_WARN_NON_LITERAL_NULL_CONVERSION = YES;
				CLANG_WARN_OBJC_IMPLICIT_RETAIN_SELF = YES;
				CLANG_WARN_OBJC_LITERAL_CONVERSION = YES;
				CLANG_WARN_OBJC_ROOT_CLASS = YES_ERROR;
				CLANG_WARN_QUOTED_INCLUDE_IN_FRAMEWORK_HEADER = YES;
				CLANG_WARN_RANGE_LOOP_ANALYSIS = YES;
				CLANG_WARN_STRICT_PROTOTYPES = YES;
				CLANG_WARN_SUSPICIOUS_MOVE = YES;
				CLANG_WARN_UNGUARDED_AVAILABILITY = YES_AGGRESSIVE;
				CLANG_WARN_UNREACHABLE_CODE = YES;
				CLANG_WARN__DUPLICATE_METHOD_MATCH = YES;
				COPY_PHASE_STRIP = NO;
				DEBUG_INFORMATION_FORMAT = "dwarf-with-dsym";
				ENABLE_NS_ASSERTIONS = NO;
				ENABLE_STRICT_OBJC_MSGSEND = YES;
				GCC_C_LANGUAGE_STANDARD = gnu11;
				GCC_NO_COMMON_BLOCKS = YES;
				GCC_WARN_64_TO_32_BIT_CONVERSION = YES;
				GCC_WARN_ABOUT_RETURN_TYPE = YES_ERROR;
				GCC_WARN_UNDECLARED_SELECTOR = YES;
				GCC_WARN_UNINITIALIZED_AUTOS = YES_AGGRESSIVE;
				GCC_WARN_UNUSED_FUNCTION = YES;
				GCC_WARN_UNUSED_VARIABLE = YES;
				IPHONEOS_DEPLOYMENT_TARGET = 14.5;
				MTL_ENABLE_DEBUG_INFO = NO;
				MTL_FAST_MATH = YES;
				SDKROOT = iphoneos;
				SWIFT_COMPILATION_MODE = wholemodule;
				SWIFT_OPTIMIZATION_LEVEL = "-O";
				VALIDATE_PRODUCT = YES;
			};
			name = Release;
		};
		2F2AF86B2677835B004254AC /* Debug */ = {
			isa = XCBuildConfiguration;
			buildSettings = {
				ASSETCATALOG_COMPILER_APPICON_NAME = AppIcon;
				ASSETCATALOG_COMPILER_GLOBAL_ACCENT_COLOR_NAME = AccentColor;
				CODE_SIGN_STYLE = Automatic;
				DEVELOPMENT_ASSET_PATHS = "\"PaceConverter/Preview Content\"";
				DEVELOPMENT_TEAM = NRU5YEF35L;
				ENABLE_PREVIEWS = YES;
				INFOPLIST_FILE = PaceConverter/Info.plist;
				IPHONEOS_DEPLOYMENT_TARGET = 14.0;
				LD_RUNPATH_SEARCH_PATHS = (
					"$(inherited)",
					"@executable_path/Frameworks",
				);
				PRODUCT_BUNDLE_IDENTIFIER = com.martinrist.PaceConverter;
				PRODUCT_NAME = "$(TARGET_NAME)";
				SWIFT_VERSION = 5.0;
				TARGETED_DEVICE_FAMILY = "1,2";
			};
			name = Debug;
		};
		2F2AF86C2677835B004254AC /* Release */ = {
			isa = XCBuildConfiguration;
			buildSettings = {
				ASSETCATALOG_COMPILER_APPICON_NAME = AppIcon;
				ASSETCATALOG_COMPILER_GLOBAL_ACCENT_COLOR_NAME = AccentColor;
				CODE_SIGN_STYLE = Automatic;
				DEVELOPMENT_ASSET_PATHS = "\"PaceConverter/Preview Content\"";
				DEVELOPMENT_TEAM = NRU5YEF35L;
				ENABLE_PREVIEWS = YES;
				INFOPLIST_FILE = PaceConverter/Info.plist;
				IPHONEOS_DEPLOYMENT_TARGET = 14.0;
				LD_RUNPATH_SEARCH_PATHS = (
					"$(inherited)",
					"@executable_path/Frameworks",
				);
				PRODUCT_BUNDLE_IDENTIFIER = com.martinrist.PaceConverter;
				PRODUCT_NAME = "$(TARGET_NAME)";
				SWIFT_VERSION = 5.0;
				TARGETED_DEVICE_FAMILY = "1,2";
			};
			name = Release;
		};
		2F2AF87C2677DEB8004254AC /* Debug */ = {
			isa = XCBuildConfiguration;
			buildSettings = {
				BUNDLE_LOADER = "$(TEST_HOST)";
				CODE_SIGN_STYLE = Automatic;
				DEVELOPMENT_TEAM = NRU5YEF35L;
				INFOPLIST_FILE = PaceConverterTests/Info.plist;
				LD_RUNPATH_SEARCH_PATHS = (
					"$(inherited)",
					"@executable_path/Frameworks",
					"@loader_path/Frameworks",
				);
				PRODUCT_BUNDLE_IDENTIFIER = com.martinrist.PaceConverterTests;
				PRODUCT_NAME = "$(TARGET_NAME)";
				SWIFT_VERSION = 5.0;
				TARGETED_DEVICE_FAMILY = "1,2";
				TEST_HOST = "$(BUILT_PRODUCTS_DIR)/PaceConverter.app/PaceConverter";
			};
			name = Debug;
		};
		2F2AF87D2677DEB8004254AC /* Release */ = {
			isa = XCBuildConfiguration;
			buildSettings = {
				BUNDLE_LOADER = "$(TEST_HOST)";
				CODE_SIGN_STYLE = Automatic;
				DEVELOPMENT_TEAM = NRU5YEF35L;
				INFOPLIST_FILE = PaceConverterTests/Info.plist;
				LD_RUNPATH_SEARCH_PATHS = (
					"$(inherited)",
					"@executable_path/Frameworks",
					"@loader_path/Frameworks",
				);
				PRODUCT_BUNDLE_IDENTIFIER = com.martinrist.PaceConverterTests;
				PRODUCT_NAME = "$(TARGET_NAME)";
				SWIFT_VERSION = 5.0;
				TARGETED_DEVICE_FAMILY = "1,2";
				TEST_HOST = "$(BUILT_PRODUCTS_DIR)/PaceConverter.app/PaceConverter";
			};
			name = Release;
		};
/* End XCBuildConfiguration section */

/* Begin XCConfigurationList section */
		2F2AF85626778359004254AC /* Build configuration list for PBXProject "PaceConverter" */ = {
			isa = XCConfigurationList;
			buildConfigurations = (
				2F2AF8682677835B004254AC /* Debug */,
				2F2AF8692677835B004254AC /* Release */,
			);
			defaultConfigurationIsVisible = 0;
			defaultConfigurationName = Release;
		};
		2F2AF86A2677835B004254AC /* Build configuration list for PBXNativeTarget "PaceConverter" */ = {
			isa = XCConfigurationList;
			buildConfigurations = (
				2F2AF86B2677835B004254AC /* Debug */,
				2F2AF86C2677835B004254AC /* Release */,
			);
			defaultConfigurationIsVisible = 0;
			defaultConfigurationName = Release;
		};
		2F2AF87B2677DEB8004254AC /* Build configuration list for PBXNativeTarget "PaceConverterTests" */ = {
			isa = XCConfigurationList;
			buildConfigurations = (
				2F2AF87C2677DEB8004254AC /* Debug */,
				2F2AF87D2677DEB8004254AC /* Release */,
			);
			defaultConfigurationIsVisible = 0;
			defaultConfigurationName = Release;
		};
/* End XCConfigurationList section */
	};
	rootObject = 2F2AF85326778359004254AC /* Project object */;
}
